
Microsoft Visual Studio Solution File, Format Version 12.00
# Visual Studio Version 16
VisualStudioVersion = 16.0.31702.278
MinimumVisualStudioVersion = 10.0.40219.1
Project("{8BC9CEB8-8B4A-11D0-8D11-00A0C91BC942}") = "EIGHTQUIEENS", "EIGHTQUIEENS.vcxproj", "{9D460F5B-3F1B-4ACC-B1B5-4BDA9BFE70AD}"
EndProject
Global
	GlobalSection(SolutionConfigurationPlatforms) = preSolution
		Debug|x64 = Debug|x64
		Debug|x86 = Debug|x86
		Release|x64 = Release|x64
		Release|x86 = Release|x86
	EndGlobalSection
	GlobalSection(ProjectConfigurationPlatforms) = postSolution
		{9D460F5B-3F1B-4ACC-B1B5-4BDA9BFE70AD}.Debug|x64.ActiveCfg = Debug|x64
		{9D460F5B-3F1B-4ACC-B1B5-4BDA9BFE70AD}.Debug|x64.Build.0 = Debug|x64
		{9D460F5B-3F1B-4ACC-B1B5-4BDA9BFE70AD}.Debug|x86.ActiveCfg = Debug|Win32
		{9D460F5B-3F1B-4ACC-B1B5-4BDA9BFE70AD}.Debug|x86.Build.0 = Debug|Win32
		{9D460F5B-3F1B-4ACC-B1B5-4BDA9BFE70AD}.Release|x64.ActiveCfg = Release|x64
		{9D460F5B-3F1B-4ACC-B1B5-4BDA9BFE70AD}.Release|x64.Build.0 = Release|x64
		{9D460F5B-3F1B-4ACC-B1B5-4BDA9BFE70AD}.Release|x86.ActiveCfg = Release|Win32
		{9D460F5B-3F1B-4ACC-B1B5-4BDA9BFE70AD}.Release|x86.Build.0 = Release|Win32
	EndGlobalSection
	GlobalSection(SolutionProperties) = preSolution
		HideSolutionNode = FALSE
	EndGlobalSection
	GlobalSection(ExtensibilityGlobals) = postSolution
		SolutionGuid = {53DBB199-B04F-4C5B-A145-6FD055B6369B}
	EndGlobalSection
EndGlobal
